
Microsoft Visual Studio Solution File, Format Version 12.00
# Visual Studio 15
VisualStudioVersion = 15.0.27004.2009
MinimumVisualStudioVersion = 10.0.40219.1
Project("{FAE04EC0-301F-11D3-BF4B-00C04F79EFBC}") = "HelloVs", "HelloVs\HelloVs.csproj", "{1717DFFA-107E-49BE-A61E-A6FF9F9739C7}"
EndProject
Global
	GlobalSection(SolutionConfigurationPlatforms) = preSolution
		Debug|Any CPU = Debug|Any CPU
		Release|Any CPU = Release|Any CPU
	EndGlobalSection
	GlobalSection(ProjectConfigurationPlatforms) = postSolution
		{1717DFFA-107E-49BE-A61E-A6FF9F9739C7}.Debug|Any CPU.ActiveCfg = Debug|Any CPU
		{1717DFFA-107E-49BE-A61E-A6FF9F9739C7}.Debug|Any CPU.Build.0 = Debug|Any CPU
		{1717DFFA-107E-49BE-A61E-A6FF9F9739C7}.Release|Any CPU.ActiveCfg = Release|Any CPU
		{1717DFFA-107E-49BE-A61E-A6FF9F9739C7}.Release|Any CPU.Build.0 = Release|Any CPU
	EndGlobalSection
	GlobalSection(SolutionProperties) = preSolution
		HideSolutionNode = FALSE
	EndGlobalSection
	GlobalSection(ExtensibilityGlobals) = postSolution
		SolutionGuid = {63C77460-2D87-45DB-8CDE-54724D92D204}
	EndGlobalSection
EndGlobal
